
Microsoft Visual Studio Solution File, Format Version 12.00
# Visual Studio Version 17
VisualStudioVersion = 17.8.34330.188
MinimumVisualStudioVersion = 10.0.40219.1
Project("{9A19103F-16F7-4668-BE54-9A1E7A4F7556}") = "TreeAccounts_saleInvice", "TreeAccounts_saleInvice\TreeAccounts_saleInvice.csproj", "{541A264F-54BB-485E-BB9D-ED29076590B1}"
EndProject
Global
	GlobalSection(SolutionConfigurationPlatforms) = preSolution
		Debug|Any CPU = Debug|Any CPU
		Release|Any CPU = Release|Any CPU
	EndGlobalSection
	GlobalSection(ProjectConfigurationPlatforms) = postSolution
		{541A264F-54BB-485E-BB9D-ED29076590B1}.Debug|Any CPU.ActiveCfg = Debug|Any CPU
		{541A264F-54BB-485E-BB9D-ED29076590B1}.Debug|Any CPU.Build.0 = Debug|Any CPU
		{541A264F-54BB-485E-BB9D-ED29076590B1}.Release|Any CPU.ActiveCfg = Release|Any CPU
		{541A264F-54BB-485E-BB9D-ED29076590B1}.Release|Any CPU.Build.0 = Release|Any CPU
	EndGlobalSection
	GlobalSection(SolutionProperties) = preSolution
		HideSolutionNode = FALSE
	EndGlobalSection
	GlobalSection(ExtensibilityGlobals) = postSolution
		SolutionGuid = {37B5862A-27B9-401E-9DAC-EBCAC842E167}
	EndGlobalSection
EndGlobal
